
Microsoft Visual Studio Solution File, Format Version 12.00
# Visual Studio 15
VisualStudioVersion = 15.0.28010.2041
MinimumVisualStudioVersion = 10.0.40219.1
Project("{FAE04EC0-301F-11D3-BF4B-00C04F79EFBC}") = "Kubeah_SimpleNotification", "Kubeah_SimpleNotification\Kubeah_SimpleNotification.csproj", "{6900FDB7-D64F-414A-80DF-302AD895C723}"
EndProject
Project("{FAE04EC0-301F-11D3-BF4B-00C04F79EFBC}") = "UnitTestBasic", "UnitTestBasic\UnitTestBasic.csproj", "{A011D415-F961-4263-8F5C-41BAA57D8B38}"
EndProject
Global
	GlobalSection(SolutionConfigurationPlatforms) = preSolution
		Debug|Any CPU = Debug|Any CPU
		Release|Any CPU = Release|Any CPU
	EndGlobalSection
	GlobalSection(ProjectConfigurationPlatforms) = postSolution
		{6900FDB7-D64F-414A-80DF-302AD895C723}.Debug|Any CPU.ActiveCfg = Debug|Any CPU
		{6900FDB7-D64F-414A-80DF-302AD895C723}.Debug|Any CPU.Build.0 = Debug|Any CPU
		{6900FDB7-D64F-414A-80DF-302AD895C723}.Release|Any CPU.ActiveCfg = Release|Any CPU
		{6900FDB7-D64F-414A-80DF-302AD895C723}.Release|Any CPU.Build.0 = Release|Any CPU
		{A011D415-F961-4263-8F5C-41BAA57D8B38}.Debug|Any CPU.ActiveCfg = Debug|Any CPU
		{A011D415-F961-4263-8F5C-41BAA57D8B38}.Debug|Any CPU.Build.0 = Debug|Any CPU
		{A011D415-F961-4263-8F5C-41BAA57D8B38}.Release|Any CPU.ActiveCfg = Release|Any CPU
		{A011D415-F961-4263-8F5C-41BAA57D8B38}.Release|Any CPU.Build.0 = Release|Any CPU
	EndGlobalSection
	GlobalSection(SolutionProperties) = preSolution
		HideSolutionNode = FALSE
	EndGlobalSection
	GlobalSection(ExtensibilityGlobals) = postSolution
		SolutionGuid = {5B6185A2-9F45-4758-95D0-E1D61F3D3B50}
	EndGlobalSection
EndGlobal
